// !$*UTF8*$!
{
	archiveVersion = 1;
	classes = {
	};
	objectVersion = 50;
	objects = {

/* Begin PBXBuildFile section */
		7EE178FA26801B120086C9C0 /* Tests_iOS.swift in Sources */ = {isa = PBXBuildFile; fileRef = 7EE178F926801B120086C9C0 /* Tests_iOS.swift */; };
		7EE1790526801B120086C9C0 /* Tests_macOS.swift in Sources */ = {isa = PBXBuildFile; fileRef = 7EE1790426801B120086C9C0 /* Tests_macOS.swift */; };
		7EE1790726801B120086C9C0 /* BaseKitApp.swift in Sources */ = {isa = PBXBuildFile; fileRef = 7EE178DE26801B110086C9C0 /* BaseKitApp.swift */; };
		7EE1790826801B120086C9C0 /* BaseKitApp.swift in Sources */ = {isa = PBXBuildFile; fileRef = 7EE178DE26801B110086C9C0 /* BaseKitApp.swift */; };
		7EE1790926801B120086C9C0 /* ContentView.swift in Sources */ = {isa = PBXBuildFile; fileRef = 7EE178DF26801B110086C9C0 /* ContentView.swift */; };
		7EE1790A26801B120086C9C0 /* ContentView.swift in Sources */ = {isa = PBXBuildFile; fileRef = 7EE178DF26801B110086C9C0 /* ContentView.swift */; };
		7EE1790B26801B120086C9C0 /* Assets.xcassets in Resources */ = {isa = PBXBuildFile; fileRef = 7EE178E026801B120086C9C0 /* Assets.xcassets */; };
		7EE1790C26801B120086C9C0 /* Assets.xcassets in Resources */ = {isa = PBXBuildFile; fileRef = 7EE178E026801B120086C9C0 /* Assets.xcassets */; };
/* End PBXBuildFile section */

/* Begin PBXContainerItemProxy section */
		7EE178F626801B120086C9C0 /* PBXContainerItemProxy */ = {
			isa = PBXContainerItemProxy;
			containerPortal = 7EE178D926801B110086C9C0 /* Project object */;
			proxyType = 1;
			remoteGlobalIDString = 7EE178E426801B120086C9C0;
			remoteInfo = "BaseKit (iOS)";
		};
		7EE1790126801B120086C9C0 /* PBXContainerItemProxy */ = {
			isa = PBXContainerItemProxy;
			containerPortal = 7EE178D926801B110086C9C0 /* Project object */;
			proxyType = 1;
			remoteGlobalIDString = 7EE178EC26801B120086C9C0;
			remoteInfo = "BaseKit (macOS)";
		};
/* End PBXContainerItemProxy section */

/* Begin PBXFileReference section */
		7EE178DE26801B110086C9C0 /* BaseKitApp.swift */ = {isa = PBXFileReference; lastKnownFileType = sourcecode.swift; path = BaseKitApp.swift; sourceTree = "<group>"; };
		7EE178DF26801B110086C9C0 /* ContentView.swift */ = {isa = PBXFileReference; lastKnownFileType = sourcecode.swift; path = ContentView.swift; sourceTree = "<group>"; };
		7EE178E026801B120086C9C0 /* Assets.xcassets */ = {isa = PBXFileReference; lastKnownFileType = folder.assetcatalog; path = Assets.xcassets; sourceTree = "<group>"; };
		7EE178E526801B120086C9C0 /* BaseKit.app */ = {isa = PBXFileReference; explicitFileType = wrapper.application; includeInIndex = 0; path = BaseKit.app; sourceTree = BUILT_PRODUCTS_DIR; };
		7EE178E826801B120086C9C0 /* Info.plist */ = {isa = PBXFileReference; lastKnownFileType = text.plist.xml; path = Info.plist; sourceTree = "<group>"; };
		7EE178ED26801B120086C9C0 /* BaseKit.app */ = {isa = PBXFileReference; explicitFileType = wrapper.application; includeInIndex = 0; path = BaseKit.app; sourceTree = BUILT_PRODUCTS_DIR; };
		7EE178EF26801B120086C9C0 /* Info.plist */ = {isa = PBXFileReference; lastKnownFileType = text.plist.xml; path = Info.plist; sourceTree = "<group>"; };
		7EE178F026801B120086C9C0 /* macOS.entitlements */ = {isa = PBXFileReference; lastKnownFileType = text.plist.entitlements; path = macOS.entitlements; sourceTree = "<group>"; };
		7EE178F526801B120086C9C0 /* Tests iOS.xctest */ = {isa = PBXFileReference; explicitFileType = wrapper.cfbundle; includeInIndex = 0; path = "Tests iOS.xctest"; sourceTree = BUILT_PRODUCTS_DIR; };
		7EE178F926801B120086C9C0 /* Tests_iOS.swift */ = {isa = PBXFileReference; lastKnownFileType = sourcecode.swift; path = Tests_iOS.swift; sourceTree = "<group>"; };
		7EE178FB26801B120086C9C0 /* Info.plist */ = {isa = PBXFileReference; lastKnownFileType = text.plist.xml; path = Info.plist; sourceTree = "<group>"; };
		7EE1790026801B120086C9C0 /* Tests macOS.xctest */ = {isa = PBXFileReference; explicitFileType = wrapper.cfbundle; includeInIndex = 0; path = "Tests macOS.xctest"; sourceTree = BUILT_PRODUCTS_DIR; };
		7EE1790426801B120086C9C0 /* Tests_macOS.swift */ = {isa = PBXFileReference; lastKnownFileType = sourcecode.swift; path = Tests_macOS.swift; sourceTree = "<group>"; };
		7EE1790626801B120086C9C0 /* Info.plist */ = {isa = PBXFileReference; lastKnownFileType = text.plist.xml; path = Info.plist; sourceTree = "<group>"; };
/* End PBXFileReference section */

/* Begin PBXFrameworksBuildPhase section */
		7EE178E226801B120086C9C0 /* Frameworks */ = {
			isa = PBXFrameworksBuildPhase;
			buildActionMask = 2147483647;
			files = (
			);
			runOnlyForDeploymentPostprocessing = 0;
		};
		7EE178EA26801B120086C9C0 /* Frameworks */ = {
			isa = PBXFrameworksBuildPhase;
			buildActionMask = 2147483647;
			files = (
			);
			runOnlyForDeploymentPostprocessing = 0;
		};
		7EE178F226801B120086C9C0 /* Frameworks */ = {
			isa = PBXFrameworksBuildPhase;
			buildActionMask = 2147483647;
			files = (
			);
			runOnlyForDeploymentPostprocessing = 0;
		};
		7EE178FD26801B120086C9C0 /* Frameworks */ = {
			isa = PBXFrameworksBuildPhase;
			buildActionMask = 2147483647;
			files = (
			);
			runOnlyForDeploymentPostprocessing = 0;
		};
/* End PBXFrameworksBuildPhase section */

/* Begin PBXGroup section */
		7EE178D826801B110086C9C0 = {
			isa = PBXGroup;
			children = (
				7EE178DD26801B110086C9C0 /* Shared */,
				7EE178E726801B120086C9C0 /* iOS */,
				7EE178EE26801B120086C9C0 /* macOS */,
				7EE178F826801B120086C9C0 /* Tests iOS */,
				7EE1790326801B120086C9C0 /* Tests macOS */,
				7EE178E626801B120086C9C0 /* Products */,
			);
			sourceTree = "<group>";
		};
		7EE178DD26801B110086C9C0 /* Shared */ = {
			isa = PBXGroup;
			children = (
				7EE178DE26801B110086C9C0 /* BaseKitApp.swift */,
				7EE178DF26801B110086C9C0 /* ContentView.swift */,
				7EE178E026801B120086C9C0 /* Assets.xcassets */,
			);
			path = Shared;
			sourceTree = "<group>";
		};
		7EE178E626801B120086C9C0 /* Products */ = {
			isa = PBXGroup;
			children = (
				7EE178E526801B120086C9C0 /* BaseKit.app */,
				7EE178ED26801B120086C9C0 /* BaseKit.app */,
				7EE178F526801B120086C9C0 /* Tests iOS.xctest */,
				7EE1790026801B120086C9C0 /* Tests macOS.xctest */,
			);
			name = Products;
			sourceTree = "<group>";
		};
		7EE178E726801B120086C9C0 /* iOS */ = {
			isa = PBXGroup;
			children = (
				7EE178E826801B120086C9C0 /* Info.plist */,
			);
			path = iOS;
			sourceTree = "<group>";
		};
		7EE178EE26801B120086C9C0 /* macOS */ = {
			isa = PBXGroup;
			children = (
				7EE178EF26801B120086C9C0 /* Info.plist */,
				7EE178F026801B120086C9C0 /* macOS.entitlements */,
			);
			path = macOS;
			sourceTree = "<group>";
		};
		7EE178F826801B120086C9C0 /* Tests iOS */ = {
			isa = PBXGroup;
			children = (
				7EE178F926801B120086C9C0 /* Tests_iOS.swift */,
				7EE178FB26801B120086C9C0 /* Info.plist */,
			);
			path = "Tests iOS";
			sourceTree = "<group>";
		};
		7EE1790326801B120086C9C0 /* Tests macOS */ = {
			isa = PBXGroup;
			children = (
				7EE1790426801B120086C9C0 /* Tests_macOS.swift */,
				7EE1790626801B120086C9C0 /* Info.plist */,
			);
			path = "Tests macOS";
			sourceTree = "<group>";
		};
/* End PBXGroup section */

/* Begin PBXNativeTarget section */
		7EE178E426801B120086C9C0 /* BaseKit (iOS) */ = {
			isa = PBXNativeTarget;
			buildConfigurationList = 7EE1790F26801B120086C9C0 /* Build configuration list for PBXNativeTarget "BaseKit (iOS)" */;
			buildPhases = (
				7EE178E126801B120086C9C0 /* Sources */,
				7EE178E226801B120086C9C0 /* Frameworks */,
				7EE178E326801B120086C9C0 /* Resources */,
			);
			buildRules = (
			);
			dependencies = (
			);
			name = "BaseKit (iOS)";
			productName = "BaseKit (iOS)";
			productReference = 7EE178E526801B120086C9C0 /* BaseKit.app */;
			productType = "com.apple.product-type.application";
		};
		7EE178EC26801B120086C9C0 /* BaseKit (macOS) */ = {
			isa = PBXNativeTarget;
			buildConfigurationList = 7EE1791226801B120086C9C0 /* Build configuration list for PBXNativeTarget "BaseKit (macOS)" */;
			buildPhases = (
				7EE178E926801B120086C9C0 /* Sources */,
				7EE178EA26801B120086C9C0 /* Frameworks */,
				7EE178EB26801B120086C9C0 /* Resources */,
			);
			buildRules = (
			);
			dependencies = (
			);
			name = "BaseKit (macOS)";
			productName = "BaseKit (macOS)";
			productReference = 7EE178ED26801B120086C9C0 /* BaseKit.app */;
			productType = "com.apple.product-type.application";
		};
		7EE178F426801B120086C9C0 /* Tests iOS */ = {
			isa = PBXNativeTarget;
			buildConfigurationList = 7EE1791526801B120086C9C0 /* Build configuration list for PBXNativeTarget "Tests iOS" */;
			buildPhases = (
				7EE178F126801B120086C9C0 /* Sources */,
				7EE178F226801B120086C9C0 /* Frameworks */,
				7EE178F326801B120086C9C0 /* Resources */,
			);
			buildRules = (
			);
			dependencies = (
				7EE178F726801B120086C9C0 /* PBXTargetDependency */,
			);
			name = "Tests iOS";
			productName = "Tests iOS";
			productReference = 7EE178F526801B120086C9C0 /* Tests iOS.xctest */;
			productType = "com.apple.product-type.bundle.ui-testing";
		};
		7EE178FF26801B120086C9C0 /* Tests macOS */ = {
			isa = PBXNativeTarget;
			buildConfigurationList = 7EE1791826801B120086C9C0 /* Build configuration list for PBXNativeTarget "Tests macOS" */;
			buildPhases = (
				7EE178FC26801B120086C9C0 /* Sources */,
				7EE178FD26801B120086C9C0 /* Frameworks */,
				7EE178FE26801B120086C9C0 /* Resources */,
			);
			buildRules = (
			);
			dependencies = (
				7EE1790226801B120086C9C0 /* PBXTargetDependency */,
			);
			name = "Tests macOS";
			productName = "Tests macOS";
			productReference = 7EE1790026801B120086C9C0 /* Tests macOS.xctest */;
			productType = "com.apple.product-type.bundle.ui-testing";
		};
/* End PBXNativeTarget section */

/* Begin PBXProject section */
		7EE178D926801B110086C9C0 /* Project object */ = {
			isa = PBXProject;
			attributes = {
				LastSwiftUpdateCheck = 1250;
				LastUpgradeCheck = 1250;
				TargetAttributes = {
					7EE178E426801B120086C9C0 = {
						CreatedOnToolsVersion = 12.5;
					};
					7EE178EC26801B120086C9C0 = {
						CreatedOnToolsVersion = 12.5;
					};
					7EE178F426801B120086C9C0 = {
						CreatedOnToolsVersion = 12.5;
						TestTargetID = 7EE178E426801B120086C9C0;
					};
					7EE178FF26801B120086C9C0 = {
						CreatedOnToolsVersion = 12.5;
						TestTargetID = 7EE178EC26801B120086C9C0;
					};
				};
			};
			buildConfigurationList = 7EE178DC26801B110086C9C0 /* Build configuration list for PBXProject "BaseKit" */;
			compatibilityVersion = "Xcode 9.3";
			developmentRegion = en;
			hasScannedForEncodings = 0;
			knownRegions = (
				en,
				Base,
			);
			mainGroup = 7EE178D826801B110086C9C0;
			productRefGroup = 7EE178E626801B120086C9C0 /* Products */;
			projectDirPath = "";
			projectRoot = "";
			targets = (
				7EE178E426801B120086C9C0 /* BaseKit (iOS) */,
				7EE178EC26801B120086C9C0 /* BaseKit (macOS) */,
				7EE178F426801B120086C9C0 /* Tests iOS */,
				7EE178FF26801B120086C9C0 /* Tests macOS */,
			);
		};
/* End PBXProject section */

/* Begin PBXResourcesBuildPhase section */
		7EE178E326801B120086C9C0 /* Resources */ = {
			isa = PBXResourcesBuildPhase;
			buildActionMask = 2147483647;
			files = (
				7EE1790B26801B120086C9C0 /* Assets.xcassets in Resources */,
			);
			runOnlyForDeploymentPostprocessing = 0;
		};
		7EE178EB26801B120086C9C0 /* Resources */ = {
			isa = PBXResourcesBuildPhase;
			buildActionMask = 2147483647;
			files = (
				7EE1790C26801B120086C9C0 /* Assets.xcassets in Resources */,
			);
			runOnlyForDeploymentPostprocessing = 0;
		};
		7EE178F326801B120086C9C0 /* Resources */ = {
			isa = PBXResourcesBuildPhase;
			buildActionMask = 2147483647;
			files = (
			);
			runOnlyForDeploymentPostprocessing = 0;
		};
		7EE178FE26801B120086C9C0 /* Resources */ = {
			isa = PBXResourcesBuildPhase;
			buildActionMask = 2147483647;
			files = (
			);
			runOnlyForDeploymentPostprocessing = 0;
		};
/* End PBXResourcesBuildPhase section */

/* Begin PBXSourcesBuildPhase section */
		7EE178E126801B120086C9C0 /* Sources */ = {
			isa = PBXSourcesBuildPhase;
			buildActionMask = 2147483647;
			files = (
				7EE1790926801B120086C9C0 /* ContentView.swift in Sources */,
				7EE1790726801B120086C9C0 /* BaseKitApp.swift in Sources */,
			);
			runOnlyForDeploymentPostprocessing = 0;
		};
		7EE178E926801B120086C9C0 /* Sources */ = {
			isa = PBXSourcesBuildPhase;
			buildActionMask = 2147483647;
			files = (
				7EE1790A26801B120086C9C0 /* ContentView.swift in Sources */,
				7EE1790826801B120086C9C0 /* BaseKitApp.swift in Sources */,
			);
			runOnlyForDeploymentPostprocessing = 0;
		};
		7EE178F126801B120086C9C0 /* Sources */ = {
			isa = PBXSourcesBuildPhase;
			buildActionMask = 2147483647;
			files = (
				7EE178FA26801B120086C9C0 /* Tests_iOS.swift in Sources */,
			);
			runOnlyForDeploymentPostprocessing = 0;
		};
		7EE178FC26801B120086C9C0 /* Sources */ = {
			isa = PBXSourcesBuildPhase;
			buildActionMask = 2147483647;
			files = (
				7EE1790526801B120086C9C0 /* Tests_macOS.swift in Sources */,
			);
			runOnlyForDeploymentPostprocessing = 0;
		};
/* End PBXSourcesBuildPhase section */

/* Begin PBXTargetDependency section */
		7EE178F726801B120086C9C0 /* PBXTargetDependency */ = {
			isa = PBXTargetDependency;
			target = 7EE178E426801B120086C9C0 /* BaseKit (iOS) */;
			targetProxy = 7EE178F626801B120086C9C0 /* PBXContainerItemProxy */;
		};
		7EE1790226801B120086C9C0 /* PBXTargetDependency */ = {
			isa = PBXTargetDependency;
			target = 7EE178EC26801B120086C9C0 /* BaseKit (macOS) */;
			targetProxy = 7EE1790126801B120086C9C0 /* PBXContainerItemProxy */;
		};
/* End PBXTargetDependency section */

/* Begin XCBuildConfiguration section */
		7EE1790D26801B120086C9C0 /* Debug */ = {
			isa = XCBuildConfiguration;
			buildSettings = {
				ALWAYS_SEARCH_USER_PATHS = NO;
				CLANG_ANALYZER_NONNULL = YES;
				CLANG_ANALYZER_NUMBER_OBJECT_CONVERSION = YES_AGGRESSIVE;
				CLANG_CXX_LANGUAGE_STANDARD = "gnu++14";
				CLANG_CXX_LIBRARY = "libc++";
				CLANG_ENABLE_MODULES = YES;
				CLANG_ENABLE_OBJC_ARC = YES;
				CLANG_ENABLE_OBJC_WEAK = YES;
				CLANG_WARN_BLOCK_CAPTURE_AUTORELEASING = YES;
				CLANG_WARN_BOOL_CONVERSION = YES;
				CLANG_WARN_COMMA = YES;
				CLANG_WARN_CONSTANT_CONVERSION = YES;
				CLANG_WARN_DEPRECATED_OBJC_IMPLEMENTATIONS = YES;
				CLANG_WARN_DIRECT_OBJC_ISA_USAGE = YES_ERROR;
				CLANG_WARN_DOCUMENTATION_COMMENTS = YES;
				CLANG_WARN_EMPTY_BODY = YES;
				CLANG_WARN_ENUM_CONVERSION = YES;
				CLANG_WARN_INFINITE_RECURSION = YES;
				CLANG_WARN_INT_CONVERSION = YES;
				CLANG_WARN_NON_LITERAL_NULL_CONVERSION = YES;
				CLANG_WARN_OBJC_IMPLICIT_RETAIN_SELF = YES;
				CLANG_WARN_OBJC_LITERAL_CONVERSION = YES;
				CLANG_WARN_OBJC_ROOT_CLASS = YES_ERROR;
				CLANG_WARN_QUOTED_INCLUDE_IN_FRAMEWORK_HEADER = YES;
				CLANG_WARN_RANGE_LOOP_ANALYSIS = YES;
				CLANG_WARN_STRICT_PROTOTYPES = YES;
				CLANG_WARN_SUSPICIOUS_MOVE = YES;
				CLANG_WARN_UNGUARDED_AVAILABILITY = YES_AGGRESSIVE;
				CLANG_WARN_UNREACHABLE_CODE = YES;
				CLANG_WARN__DUPLICATE_METHOD_MATCH = YES;
				COPY_PHASE_STRIP = NO;
				DEBUG_INFORMATION_FORMAT = dwarf;
				ENABLE_STRICT_OBJC_MSGSEND = YES;
				ENABLE_TESTABILITY = YES;
				GCC_C_LANGUAGE_STANDARD = gnu11;
				GCC_DYNAMIC_NO_PIC = NO;
				GCC_NO_COMMON_BLOCKS = YES;
				GCC_OPTIMIZATION_LEVEL = 0;
				GCC_PREPROCESSOR_DEFINITIONS = (
					"DEBUG=1",
					"$(inherited)",
				);
				GCC_WARN_64_TO_32_BIT_CONVERSION = YES;
				GCC_WARN_ABOUT_RETURN_TYPE = YES_ERROR;
				GCC_WARN_UNDECLARED_SELECTOR = YES;
				GCC_WARN_UNINITIALIZED_AUTOS = YES_AGGRESSIVE;
				GCC_WARN_UNUSED_FUNCTION = YES;
				GCC_WARN_UNUSED_VARIABLE = YES;
				MTL_ENABLE_DEBUG_INFO = INCLUDE_SOURCE;
				MTL_FAST_MATH = YES;
				ONLY_ACTIVE_ARCH = YES;
				SWIFT_ACTIVE_COMPILATION_CONDITIONS = DEBUG;
				SWIFT_OPTIMIZATION_LEVEL = "-Onone";
			};
			name = Debug;
		};
		7EE1790E26801B120086C9C0 /* Release */ = {
			isa = XCBuildConfiguration;
			buildSettings = {
				ALWAYS_SEARCH_USER_PATHS = NO;
				CLANG_ANALYZER_NONNULL = YES;
				CLANG_ANALYZER_NUMBER_OBJECT_CONVERSION = YES_AGGRESSIVE;
				CLANG_CXX_LANGUAGE_STANDARD = "gnu++14";
				CLANG_CXX_LIBRARY = "libc++";
				CLANG_ENABLE_MODULES = YES;
				CLANG_ENABLE_OBJC_ARC = YES;
				CLANG_ENABLE_OBJC_WEAK = YES;
				CLANG_WARN_BLOCK_CAPTURE_AUTORELEASING = YES;
				CLANG_WARN_BOOL_CONVERSION = YES;
				CLANG_WARN_COMMA = YES;
				CLANG_WARN_CONSTANT_CONVERSION = YES;
				CLANG_WARN_DEPRECATED_OBJC_IMPLEMENTATIONS = YES;
				CLANG_WARN_DIRECT_OBJC_ISA_USAGE = YES_ERROR;
				CLANG_WARN_DOCUMENTATION_COMMENTS = YES;
				CLANG_WARN_EMPTY_BODY = YES;
				CLANG_WARN_ENUM_CONVERSION = YES;
				CLANG_WARN_INFINITE_RECURSION = YES;
				CLANG_WARN_INT_CONVERSION = YES;
				CLANG_WARN_NON_LITERAL_NULL_CONVERSION = YES;
				CLANG_WARN_OBJC_IMPLICIT_RETAIN_SELF = YES;
				CLANG_WARN_OBJC_LITERAL_CONVERSION = YES;
				CLANG_WARN_OBJC_ROOT_CLASS = YES_ERROR;
				CLANG_WARN_QUOTED_INCLUDE_IN_FRAMEWORK_HEADER = YES;
				CLANG_WARN_RANGE_LOOP_ANALYSIS = YES;
				CLANG_WARN_STRICT_PROTOTYPES = YES;
				CLANG_WARN_SUSPICIOUS_MOVE = YES;
				CLANG_WARN_UNGUARDED_AVAILABILITY = YES_AGGRESSIVE;
				CLANG_WARN_UNREACHABLE_CODE = YES;
				CLANG_WARN__DUPLICATE_METHOD_MATCH = YES;
				COPY_PHASE_STRIP = NO;
				DEBUG_INFORMATION_FORMAT = "dwarf-with-dsym";
				ENABLE_NS_ASSERTIONS = NO;
				ENABLE_STRICT_OBJC_MSGSEND = YES;
				GCC_C_LANGUAGE_STANDARD = gnu11;
				GCC_NO_COMMON_BLOCKS = YES;
				GCC_WARN_64_TO_32_BIT_CONVERSION = YES;
				GCC_WARN_ABOUT_RETURN_TYPE = YES_ERROR;
				GCC_WARN_UNDECLARED_SELECTOR = YES;
				GCC_WARN_UNINITIALIZED_AUTOS = YES_AGGRESSIVE;
				GCC_WARN_UNUSED_FUNCTION = YES;
				GCC_WARN_UNUSED_VARIABLE = YES;
				MTL_ENABLE_DEBUG_INFO = NO;
				MTL_FAST_MATH = YES;
				SWIFT_COMPILATION_MODE = wholemodule;
				SWIFT_OPTIMIZATION_LEVEL = "-O";
			};
			name = Release;
		};
		7EE1791026801B120086C9C0 /* Debug */ = {
			isa = XCBuildConfiguration;
			buildSettings = {
				ASSETCATALOG_COMPILER_APPICON_NAME = AppIcon;
				ASSETCATALOG_COMPILER_GLOBAL_ACCENT_COLOR_NAME = AccentColor;
				CODE_SIGN_STYLE = Automatic;
				ENABLE_PREVIEWS = YES;
				INFOPLIST_FILE = iOS/Info.plist;
				IPHONEOS_DEPLOYMENT_TARGET = 14.0;
				LD_RUNPATH_SEARCH_PATHS = (
					"$(inherited)",
					"@executable_path/Frameworks",
				);
				PRODUCT_BUNDLE_IDENTIFIER = com.sungjun.BaseKit;
				PRODUCT_NAME = BaseKit;
				SDKROOT = iphoneos;
				SWIFT_VERSION = 5.0;
				TARGETED_DEVICE_FAMILY = "1,2";
			};
			name = Debug;
		};
		7EE1791126801B120086C9C0 /* Release */ = {
			isa = XCBuildConfiguration;
			buildSettings = {
				ASSETCATALOG_COMPILER_APPICON_NAME = AppIcon;
				ASSETCATALOG_COMPILER_GLOBAL_ACCENT_COLOR_NAME = AccentColor;
				CODE_SIGN_STYLE = Automatic;
				ENABLE_PREVIEWS = YES;
				INFOPLIST_FILE = iOS/Info.plist;
				IPHONEOS_DEPLOYMENT_TARGET = 14.0;
				LD_RUNPATH_SEARCH_PATHS = (
					"$(inherited)",
					"@executable_path/Frameworks",
				);
				PRODUCT_BUNDLE_IDENTIFIER = com.sungjun.BaseKit;
				PRODUCT_NAME = BaseKit;
				SDKROOT = iphoneos;
				SWIFT_VERSION = 5.0;
				TARGETED_DEVICE_FAMILY = "1,2";
				VALIDATE_PRODUCT = YES;
			};
			name = Release;
		};
		7EE1791326801B120086C9C0 /* Debug */ = {
			isa = XCBuildConfiguration;
			buildSettings = {
				ASSETCATALOG_COMPILER_APPICON_NAME = AppIcon;
				ASSETCATALOG_COMPILER_GLOBAL_ACCENT_COLOR_NAME = AccentColor;
				CODE_SIGN_ENTITLEMENTS = macOS/macOS.entitlements;
				CODE_SIGN_STYLE = Automatic;
				COMBINE_HIDPI_IMAGES = YES;
				ENABLE_PREVIEWS = YES;
				INFOPLIST_FILE = macOS/Info.plist;
				LD_RUNPATH_SEARCH_PATHS = (
					"$(inherited)",
					"@executable_path/../Frameworks",
				);
				MACOSX_DEPLOYMENT_TARGET = 11.0;
				PRODUCT_BUNDLE_IDENTIFIER = com.sungjun.BaseKit;
				PRODUCT_NAME = BaseKit;
				SDKROOT = macosx;
				SWIFT_VERSION = 5.0;
			};
			name = Debug;
		};
		7EE1791426801B120086C9C0 /* Release */ = {
			isa = XCBuildConfiguration;
			buildSettings = {
				ASSETCATALOG_COMPILER_APPICON_NAME = AppIcon;
				ASSETCATALOG_COMPILER_GLOBAL_ACCENT_COLOR_NAME = AccentColor;
				CODE_SIGN_ENTITLEMENTS = macOS/macOS.entitlements;
				CODE_SIGN_STYLE = Automatic;
				COMBINE_HIDPI_IMAGES = YES;
				ENABLE_PREVIEWS = YES;
				INFOPLIST_FILE = macOS/Info.plist;
				LD_RUNPATH_SEARCH_PATHS = (
					"$(inherited)",
					"@executable_path/../Frameworks",
				);
				MACOSX_DEPLOYMENT_TARGET = 11.0;
				PRODUCT_BUNDLE_IDENTIFIER = com.sungjun.BaseKit;
				PRODUCT_NAME = BaseKit;
				SDKROOT = macosx;
				SWIFT_VERSION = 5.0;
			};
			name = Release;
		};
		7EE1791626801B120086C9C0 /* Debug */ = {
			isa = XCBuildConfiguration;
			buildSettings = {
				ALWAYS_EMBED_SWIFT_STANDARD_LIBRARIES = YES;
				CODE_SIGN_STYLE = Automatic;
				INFOPLIST_FILE = "Tests iOS/Info.plist";
				IPHONEOS_DEPLOYMENT_TARGET = 14.5;
				LD_RUNPATH_SEARCH_PATHS = (
					"$(inherited)",
					"@executable_path/Frameworks",
					"@loader_path/Frameworks",
				);
				PRODUCT_BUNDLE_IDENTIFIER = "com.sungjun.Tests-iOS";
				PRODUCT_NAME = "$(TARGET_NAME)";
				SDKROOT = iphoneos;
				SWIFT_VERSION = 5.0;
				TARGETED_DEVICE_FAMILY = "1,2";
				TEST_TARGET_NAME = "BaseKit (iOS)";
			};
			name = Debug;
		};
		7EE1791726801B120086C9C0 /* Release */ = {
			isa = XCBuildConfiguration;
			buildSettings = {
				ALWAYS_EMBED_SWIFT_STANDARD_LIBRARIES = YES;
				CODE_SIGN_STYLE = Automatic;
				INFOPLIST_FILE = "Tests iOS/Info.plist";
				IPHONEOS_DEPLOYMENT_TARGET = 14.5;
				LD_RUNPATH_SEARCH_PATHS = (
					"$(inherited)",
					"@executable_path/Frameworks",
					"@loader_path/Frameworks",
				);
				PRODUCT_BUNDLE_IDENTIFIER = "com.sungjun.Tests-iOS";
				PRODUCT_NAME = "$(TARGET_NAME)";
				SDKROOT = iphoneos;
				SWIFT_VERSION = 5.0;
				TARGETED_DEVICE_FAMILY = "1,2";
				TEST_TARGET_NAME = "BaseKit (iOS)";
				VALIDATE_PRODUCT = YES;
			};
			name = Release;
		};
		7EE1791926801B120086C9C0 /* Debug */ = {
			isa = XCBuildConfiguration;
			buildSettings = {
				ALWAYS_EMBED_SWIFT_STANDARD_LIBRARIES = YES;
				CODE_SIGN_STYLE = Automatic;
				COMBINE_HIDPI_IMAGES = YES;
				INFOPLIST_FILE = "Tests macOS/Info.plist";
				LD_RUNPATH_SEARCH_PATHS = (
					"$(inherited)",
					"@executable_path/../Frameworks",
					"@loader_path/../Frameworks",
				);
				MACOSX_DEPLOYMENT_TARGET = 11.3;
				PRODUCT_BUNDLE_IDENTIFIER = "com.sungjun.Tests-macOS";
				PRODUCT_NAME = "$(TARGET_NAME)";
				SDKROOT = macosx;
				SWIFT_VERSION = 5.0;
				TEST_TARGET_NAME = "BaseKit (macOS)";
			};
			name = Debug;
		};
		7EE1791A26801B120086C9C0 /* Release */ = {
			isa = XCBuildConfiguration;
			buildSettings = {
				ALWAYS_EMBED_SWIFT_STANDARD_LIBRARIES = YES;
				CODE_SIGN_STYLE = Automatic;
				COMBINE_HIDPI_IMAGES = YES;
				INFOPLIST_FILE = "Tests macOS/Info.plist";
				LD_RUNPATH_SEARCH_PATHS = (
					"$(inherited)",
					"@executable_path/../Frameworks",
					"@loader_path/../Frameworks",
				);
				MACOSX_DEPLOYMENT_TARGET = 11.3;
				PRODUCT_BUNDLE_IDENTIFIER = "com.sungjun.Tests-macOS";
				PRODUCT_NAME = "$(TARGET_NAME)";
				SDKROOT = macosx;
				SWIFT_VERSION = 5.0;
				TEST_TARGET_NAME = "BaseKit (macOS)";
			};
			name = Release;
		};
/* End XCBuildConfiguration section */

/* Begin XCConfigurationList section */
		7EE178DC26801B110086C9C0 /* Build configuration list for PBXProject "BaseKit" */ = {
			isa = XCConfigurationList;
			buildConfigurations = (
				7EE1790D26801B120086C9C0 /* Debug */,
				7EE1790E26801B120086C9C0 /* Release */,
			);
			defaultConfigurationIsVisible = 0;
			defaultConfigurationName = Release;
		};
		7EE1790F26801B120086C9C0 /* Build configuration list for PBXNativeTarget "BaseKit (iOS)" */ = {
			isa = XCConfigurationList;
			buildConfigurations = (
				7EE1791026801B120086C9C0 /* Debug */,
				7EE1791126801B120086C9C0 /* Release */,
			);
			defaultConfigurationIsVisible = 0;
			defaultConfigurationName = Release;
		};
		7EE1791226801B120086C9C0 /* Build configuration list for PBXNativeTarget "BaseKit (macOS)" */ = {
			isa = XCConfigurationList;
			buildConfigurations = (
				7EE1791326801B120086C9C0 /* Debug */,
				7EE1791426801B120086C9C0 /* Release */,
			);
			defaultConfigurationIsVisible = 0;
			defaultConfigurationName = Release;
		};
		7EE1791526801B120086C9C0 /* Build configuration list for PBXNativeTarget "Tests iOS" */ = {
			isa = XCConfigurationList;
			buildConfigurations = (
				7EE1791626801B120086C9C0 /* Debug */,
				7EE1791726801B120086C9C0 /* Release */,
			);
			defaultConfigurationIsVisible = 0;
			defaultConfigurationName = Release;
		};
		7EE1791826801B120086C9C0 /* Build configuration list for PBXNativeTarget "Tests macOS" */ = {
			isa = XCConfigurationList;
			buildConfigurations = (
				7EE1791926801B120086C9C0 /* Debug */,
				7EE1791A26801B120086C9C0 /* Release */,
			);
			defaultConfigurationIsVisible = 0;
			defaultConfigurationName = Release;
		};
/* End XCConfigurationList section */
	};
	rootObject = 7EE178D926801B110086C9C0 /* Project object */;
}
